
Microsoft Visual Studio Solution File, Format Version 12.00
# Visual Studio 2012
Project("{FAE04EC0-301F-11D3-BF4B-00C04F79EFBC}") = "Bus_in_WHU", "Bus_in_WHU\Bus_in_WHU.csproj", "{B4164D46-022F-49C3-85CD-61097D0BC4AA}"
EndProject
Global
	GlobalSection(SolutionConfigurationPlatforms) = preSolution
		Debug|Any CPU = Debug|Any CPU
		Release|Any CPU = Release|Any CPU
	EndGlobalSection
	GlobalSection(ProjectConfigurationPlatforms) = postSolution
		{B4164D46-022F-49C3-85CD-61097D0BC4AA}.Debug|Any CPU.ActiveCfg = Debug|Any CPU
		{B4164D46-022F-49C3-85CD-61097D0BC4AA}.Debug|Any CPU.Build.0 = Debug|Any CPU
		{B4164D46-022F-49C3-85CD-61097D0BC4AA}.Release|Any CPU.ActiveCfg = Release|Any CPU
		{B4164D46-022F-49C3-85CD-61097D0BC4AA}.Release|Any CPU.Build.0 = Release|Any CPU
	EndGlobalSection
	GlobalSection(SolutionProperties) = preSolution
		HideSolutionNode = FALSE
	EndGlobalSection
EndGlobal
